
Microsoft Visual Studio Solution File, Format Version 12.00
# Visual Studio 15
VisualStudioVersion = 15.0.26730.16
MinimumVisualStudioVersion = 10.0.40219.1
Project("{151D2E53-A2C4-4D7D-83FE-D05416EBD58E}") = "RG-VM", "RG-VM\RG-VM.deployproj", "{7BCC6519-59A0-4D12-984E-3BCFA912814A}"
EndProject
Global
	GlobalSection(SolutionConfigurationPlatforms) = preSolution
		Debug|Any CPU = Debug|Any CPU
		Release|Any CPU = Release|Any CPU
	EndGlobalSection
	GlobalSection(ProjectConfigurationPlatforms) = postSolution
		{7BCC6519-59A0-4D12-984E-3BCFA912814A}.Debug|Any CPU.ActiveCfg = Debug|Any CPU
		{7BCC6519-59A0-4D12-984E-3BCFA912814A}.Debug|Any CPU.Build.0 = Debug|Any CPU
		{7BCC6519-59A0-4D12-984E-3BCFA912814A}.Release|Any CPU.ActiveCfg = Release|Any CPU
		{7BCC6519-59A0-4D12-984E-3BCFA912814A}.Release|Any CPU.Build.0 = Release|Any CPU
	EndGlobalSection
	GlobalSection(SolutionProperties) = preSolution
		HideSolutionNode = FALSE
	EndGlobalSection
	GlobalSection(ExtensibilityGlobals) = postSolution
		SolutionGuid = {957FD85B-DB08-482A-B6E2-AB344B5FC0AF}
	EndGlobalSection
EndGlobal
