
Microsoft Visual Studio Solution File, Format Version 12.00
# Visual Studio 15
VisualStudioVersion = 15.0.26730.16
MinimumVisualStudioVersion = 10.0.40219.1
Project("{151D2E53-A2C4-4D7D-83FE-D05416EBD58E}") = "RG-1", "RG-1\RG-1.deployproj", "{624F2506-224D-45E1-9F30-5CF8F8C404C1}"
EndProject
Global
	GlobalSection(SolutionConfigurationPlatforms) = preSolution
		Debug|Any CPU = Debug|Any CPU
		Release|Any CPU = Release|Any CPU
	EndGlobalSection
	GlobalSection(ProjectConfigurationPlatforms) = postSolution
		{624F2506-224D-45E1-9F30-5CF8F8C404C1}.Debug|Any CPU.ActiveCfg = Debug|Any CPU
		{624F2506-224D-45E1-9F30-5CF8F8C404C1}.Debug|Any CPU.Build.0 = Debug|Any CPU
		{624F2506-224D-45E1-9F30-5CF8F8C404C1}.Release|Any CPU.ActiveCfg = Release|Any CPU
		{624F2506-224D-45E1-9F30-5CF8F8C404C1}.Release|Any CPU.Build.0 = Release|Any CPU
	EndGlobalSection
	GlobalSection(SolutionProperties) = preSolution
		HideSolutionNode = FALSE
	EndGlobalSection
	GlobalSection(ExtensibilityGlobals) = postSolution
		SolutionGuid = {0BAF5069-4FE8-4EE8-B52E-35576F3CA01C}
	EndGlobalSection
EndGlobal
